
Microsoft Visual Studio Solution File, Format Version 12.00
# Visual Studio Version 17
VisualStudioVersion = 17.2.32519.379
MinimumVisualStudioVersion = 10.0.40219.1
Project("{FAE04EC0-301F-11D3-BF4B-00C04F79EFBC}") = "ShopOnline.Web", "ShopOnline.Web\ShopOnline.Web.csproj", "{1837DB87-BF55-41C1-8115-D43070C680E9}"
EndProject
Project("{FAE04EC0-301F-11D3-BF4B-00C04F79EFBC}") = "ShopOnline.API", "ShopOnline.API\ShopOnline.API.csproj", "{850DCE88-2E6E-47B1-8D40-88528597DDBB}"
EndProject
Project("{FAE04EC0-301F-11D3-BF4B-00C04F79EFBC}") = "ShopOnline.Models", "ShopOnline.Models\ShopOnline.Models.csproj", "{7D2DB80A-7C53-4895-AF47-09B882B47066}"
EndProject
Global
	GlobalSection(SolutionConfigurationPlatforms) = preSolution
		Debug|Any CPU = Debug|Any CPU
		Release|Any CPU = Release|Any CPU
	EndGlobalSection
	GlobalSection(ProjectConfigurationPlatforms) = postSolution
		{1837DB87-BF55-41C1-8115-D43070C680E9}.Debug|Any CPU.ActiveCfg = Debug|Any CPU
		{1837DB87-BF55-41C1-8115-D43070C680E9}.Debug|Any CPU.Build.0 = Debug|Any CPU
		{1837DB87-BF55-41C1-8115-D43070C680E9}.Release|Any CPU.ActiveCfg = Release|Any CPU
		{1837DB87-BF55-41C1-8115-D43070C680E9}.Release|Any CPU.Build.0 = Release|Any CPU
		{850DCE88-2E6E-47B1-8D40-88528597DDBB}.Debug|Any CPU.ActiveCfg = Debug|Any CPU
		{850DCE88-2E6E-47B1-8D40-88528597DDBB}.Debug|Any CPU.Build.0 = Debug|Any CPU
		{850DCE88-2E6E-47B1-8D40-88528597DDBB}.Release|Any CPU.ActiveCfg = Release|Any CPU
		{850DCE88-2E6E-47B1-8D40-88528597DDBB}.Release|Any CPU.Build.0 = Release|Any CPU
		{7D2DB80A-7C53-4895-AF47-09B882B47066}.Debug|Any CPU.ActiveCfg = Debug|Any CPU
		{7D2DB80A-7C53-4895-AF47-09B882B47066}.Debug|Any CPU.Build.0 = Debug|Any CPU
		{7D2DB80A-7C53-4895-AF47-09B882B47066}.Release|Any CPU.ActiveCfg = Release|Any CPU
		{7D2DB80A-7C53-4895-AF47-09B882B47066}.Release|Any CPU.Build.0 = Release|Any CPU
	EndGlobalSection
	GlobalSection(SolutionProperties) = preSolution
		HideSolutionNode = FALSE
	EndGlobalSection
	GlobalSection(ExtensibilityGlobals) = postSolution
		SolutionGuid = {FABBD039-3711-4CCA-A3AB-01506B6CA58F}
	EndGlobalSection
EndGlobal
